
Microsoft Visual Studio Solution File, Format Version 12.00
# Visual Studio 15
VisualStudioVersion = 15.0.28307.438
MinimumVisualStudioVersion = 10.0.40219.1
Project("{FAE04EC0-301F-11D3-BF4B-00C04F79EFBC}") = "DATN.HTTT2", "DATN.HTTT2\DATN.HTTT2.csproj", "{C7F6DD47-1940-4856-9123-93D995B09B6B}"
EndProject
Global
	GlobalSection(SolutionConfigurationPlatforms) = preSolution
		Debug|Any CPU = Debug|Any CPU
		Release|Any CPU = Release|Any CPU
	EndGlobalSection
	GlobalSection(ProjectConfigurationPlatforms) = postSolution
		{C7F6DD47-1940-4856-9123-93D995B09B6B}.Debug|Any CPU.ActiveCfg = Debug|Any CPU
		{C7F6DD47-1940-4856-9123-93D995B09B6B}.Debug|Any CPU.Build.0 = Debug|Any CPU
		{C7F6DD47-1940-4856-9123-93D995B09B6B}.Release|Any CPU.ActiveCfg = Release|Any CPU
		{C7F6DD47-1940-4856-9123-93D995B09B6B}.Release|Any CPU.Build.0 = Release|Any CPU
	EndGlobalSection
	GlobalSection(SolutionProperties) = preSolution
		HideSolutionNode = FALSE
	EndGlobalSection
	GlobalSection(ExtensibilityGlobals) = postSolution
		SolutionGuid = {0B69CEF9-595E-4F81-AA54-E6C9C12AD333}
	EndGlobalSection
EndGlobal
